
Microsoft Visual Studio Solution File, Format Version 12.00
Project("{FAE04EC0-301F-11D3-BF4B-00C04F79EFBC}") = "ProductFetchService", "src\Jobs\U.FetchService\U.FetchService.csproj", "{8A7421B8-5294-4830-9C4B-FDB8C8C49DD8}"
EndProject
Project("{2150E333-8FDC-42A3-9474-1A3956D46DE8}") = "SmartStore", "src\Adapter.SmartStore", "{F6FEBE1F-9974-4282-8497-97CB808E65CB}"
EndProject
Project("{FAE04EC0-301F-11D3-BF4B-00C04F79EFBC}") = "U.SmartStoreAdapter.Application", "src\Adapters\U.SmartStoreAdapter\U.SmartStoreAdapter.Application\U.SmartStoreAdapter.Application.csproj", "{F14867ED-37E5-4F19-924A-42766C65D87C}"
EndProject
Project("{FAE04EC0-301F-11D3-BF4B-00C04F79EFBC}") = "U.SmartStoreAdapter", "src\Adapters\U.SmartStoreAdapter\U.SmartStoreAdapter.csproj", "{C69F02D4-2798-4039-86B8-D4A28488546E}"
EndProject
Project("{FAE04EC0-301F-11D3-BF4B-00C04F79EFBC}") = "U.SmartStoreAdapter.Persistance", "src\Adapters\U.SmartStoreAdapter\U.SmartStoreAdapter.Persistance\U.SmartStoreAdapter.Persistance.csproj", "{13B6AD0E-533B-4C72-99B7-4107F3B0DC97}"
EndProject
Project("{FAE04EC0-301F-11D3-BF4B-00C04F79EFBC}") = "U.SmartStoreAdapter.Domain", "src\Adapters\U.SmartStoreAdapter\U.SmartStoreAdapter.Domain\U.SmartStoreAdapter.Domain.csproj", "{B43A5FA0-F92F-41B7-B602-F033C3E442FF}"
EndProject
Project("{FAE04EC0-301F-11D3-BF4B-00C04F79EFBC}") = "U.Common", "src\BuildingBlocks\U.Common\U.Common.csproj", "{0631559D-B348-47A5-9CB5-AB7E805A4A7D}"
EndProject
Project("{2150E333-8FDC-42A3-9474-1A3956D46DE8}") = "BuildingBlocks", "src\BuildingBlocks", "{AD753C1A-0D4C-4BC5-8793-FF2795F0F49E}"
EndProject
Project("{2150E333-8FDC-42A3-9474-1A3956D46DE8}") = "Product", "src\Services\U.ProductService", "{51D661E6-65C4-4D1F-977B-1B9281DEAE87}"
EndProject
Project("{FAE04EC0-301F-11D3-BF4B-00C04F79EFBC}") = "U.ProductService", "src\Services\U.ProductService\U.ProductService.csproj", "{4CE3CE71-D2CA-4C79-A4D6-079F864469FF}"
EndProject
Project("{FAE04EC0-301F-11D3-BF4B-00C04F79EFBC}") = "U.ProductService.Application", "src\Services\U.ProductService\U.ProductService.Application\U.ProductService.Application.csproj", "{22DAFAE7-B419-459B-8A0D-8FAAFFE92561}"
EndProject
Project("{FAE04EC0-301F-11D3-BF4B-00C04F79EFBC}") = "U.ProductService.Domain", "src\Services\U.ProductService\U.ProductService.Domain\U.ProductService.Domain.csproj", "{DC85C2E0-7301-4999-9A4C-BE86E160FE9A}"
EndProject
Project("{FAE04EC0-301F-11D3-BF4B-00C04F79EFBC}") = "U.ProductService.Persistance", "src\Services\U.ProductService\U.ProductService.Persistance\U.ProductService.Persistance.csproj", "{EF9867D9-6D57-47F0-A88C-F6BEF82089BA}"
EndProject
Project("{FAE04EC0-301F-11D3-BF4B-00C04F79EFBC}") = "U.EventBus", "src\BuildingBlocks\U.EventBus\U.EventBus.csproj", "{9A14CE21-D985-486C-B4A6-5C5528419652}"
EndProject
Project("{FAE04EC0-301F-11D3-BF4B-00C04F79EFBC}") = "U.EventBus.RabbitMQ", "src\BuildingBlocks\U.EventBus.RabbitMQ\U.EventBus.RabbitMQ.csproj", "{610959EC-7BCC-4726-8B72-A677929DA09B}"
EndProject
Project("{FAE04EC0-301F-11D3-BF4B-00C04F79EFBC}") = "U.IntegrationEventLog", "src\BuildingBlocks\U.IntegrationEventLog\U.IntegrationEventLog.csproj", "{5034E5F2-6AD5-4D39-895D-CF62FBB97C8A}"
EndProject
Project("{2150E333-8FDC-42A3-9474-1A3956D46DE8}") = "Solution Files", "Solution Files", "{8EE0DD79-8255-4E04-84A7-830B8947E7C5}"
ProjectSection(SolutionItems) = preProject
	.gitignore = .gitignore
	.compose-infra.yml = compose-infra.yml
	.compose-services.local.yml = compose-services.local.yml
	.compose-services.external.yml = compose-services.external.yml
	Nuget.Config = Nuget.Config
	.env = .env
	databases.sql = databases.sql
EndProjectSection
EndProject
Project("{2150E333-8FDC-42A3-9474-1A3956D46DE8}") = "Notification", "Notification", "{20AE96FC-F1A7-4CA8-90F8-FEB6EBB6D11A}"
EndProject
Project("{FAE04EC0-301F-11D3-BF4B-00C04F79EFBC}") = "U.NotificationService", "src\Services\U.NotificationService\U.NotificationService.csproj", "{50F973C1-F7D9-438F-BA45-9C1BB84B8346}"
EndProject
Project("{FAE04EC0-301F-11D3-BF4B-00C04F79EFBC}") = "U.ProductService.IntegrationTests", "src\Services\U.ProductService\U.ProductService.IntegrationTests\U.ProductService.IntegrationTests.csproj", "{4A1E232F-0F95-476E-A8C9-8587E307A5FD}"
EndProject
Project("{FAE04EC0-301F-11D3-BF4B-00C04F79EFBC}") = "U.WebApp.Angular", "src\Web\U.WebApp.Angular\U.WebApp.Angular.csproj", "{16CE2424-2614-482C-89D3-F4212DD59A97}"
EndProject
Project("{FAE04EC0-301F-11D3-BF4B-00C04F79EFBC}") = "U.GeneratorService", "src\Jobs\U.GeneratorService\U.GeneratorService.csproj", "{15D78CF9-F6DB-465C-AEFE-D94E056ADE4A}"
EndProject
Project("{2150E333-8FDC-42A3-9474-1A3956D46DE8}") = "Identity", "Identity", "{31C78702-0DC3-4A05-AB00-B00FE55776F0}"
EndProject
Project("{FAE04EC0-301F-11D3-BF4B-00C04F79EFBC}") = "U.IdentityService", "src\Services\U.IdentityService\U.IdentityService.csproj", "{974BAABC-4287-4774-A16C-4BC2D416FC89}"
EndProject
Project("{FAE04EC0-301F-11D3-BF4B-00C04F79EFBC}") = "U.IdentityService.Application", "src\Services\U.IdentityService\U.IdentityService.Application\U.IdentityService.Application.csproj", "{5FFE5D8A-F3C4-4A8C-953B-334205210102}"
EndProject
Project("{FAE04EC0-301F-11D3-BF4B-00C04F79EFBC}") = "U.IdentityService.Domain", "src\Services\U.IdentityService\U.IdentityService.Domain\U.IdentityService.Domain.csproj", "{D32B4294-FEB4-4352-BCF9-57859F15BE0E}"
EndProject
Project("{FAE04EC0-301F-11D3-BF4B-00C04F79EFBC}") = "U.IdentityService.Persistance", "src\Services\U.IdentityService\U.IdentityService.Persistance\U.IdentityService.Persistance.csproj", "{6FBB0868-1FC9-4A2F-A4EB-CA4D3FAAA99A}"
EndProject
Project("{2150E333-8FDC-42A3-9474-1A3956D46DE8}") = "ApiGateways", "ApiGateways", "{82713F4A-A573-4003-BD20-53C974839094}"
EndProject
Project("{FAE04EC0-301F-11D3-BF4B-00C04F79EFBC}") = "U.ApiGateway", "src\ApiGateway\U.ApiGateway.csproj", "{834C1AA7-44F0-40D5-A2BB-2A9C5C19AB6D}"
EndProject
Project("{2150E333-8FDC-42A3-9474-1A3956D46DE8}") = "Subscription", "Service.Subscription", "{D240C299-E049-47BF-8BAC-20E1DB6295B6}"
EndProject
Project("{FAE04EC0-301F-11D3-BF4B-00C04F79EFBC}") = "U.NotificationService.Domain", "src\Services\U.NotificationService\U.NotificationService.Domain\U.NotificationService.Domain.csproj", "{59862F91-ED0D-4048-BF57-18BED02C964F}"
EndProject
Project("{FAE04EC0-301F-11D3-BF4B-00C04F79EFBC}") = "U.NotificationService.Application", "src\Services\U.NotificationService\U.NotificationService.Application\U.NotificationService.Application.csproj", "{FD034EE6-656C-4D3B-B795-13E02127F5D3}"
EndProject
Project("{FAE04EC0-301F-11D3-BF4B-00C04F79EFBC}") = "U.NotificationService.Infrastructure", "src\Services\U.NotificationService\U.NotificationService.Infrastructure\U.NotificationService.Infrastructure.csproj", "{3764066D-BAC6-4493-9DF3-5AFB6DCFE07A}"
EndProject
Project("{FAE04EC0-301F-11D3-BF4B-00C04F79EFBC}") = "U.SubscriptionService", "src\Services\U.SubscriptionService\U.SubscriptionService.csproj", "{ED2B1BC6-37F1-44F6-8DC7-888CAC2D4431}"
EndProject
Project("{FAE04EC0-301F-11D3-BF4B-00C04F79EFBC}") = "U.SubscriptionService.Application", "src\Services\U.SubscriptionService\U.SubscriptionService.Application\U.SubscriptionService.Application.csproj", "{EBD54CAC-2F80-4320-9774-8AAE7995B5FA}"
EndProject
Project("{FAE04EC0-301F-11D3-BF4B-00C04F79EFBC}") = "U.SubscriptionService.Domain", "src\Services\U.SubscriptionService\U.SubscriptionService.Domain\U.SubscriptionService.Domain.csproj", "{8C530FB6-D2E7-470A-98EF-CAF3BE962AE5}"
EndProject
Project("{FAE04EC0-301F-11D3-BF4B-00C04F79EFBC}") = "U.SubscriptionService.Persistance", "src\Services\U.SubscriptionService\U.SubscriptionService.Persistance\U.SubscriptionService.Persistance.csproj", "{CE8191E1-9C55-40C4-9823-D3F385590F27}"
EndProject
Project("{2150E333-8FDC-42A3-9474-1A3956D46DE8}") = "Services", "Services", "{E8B7F3DE-8A42-4AA2-8F05-0EE4FF2C26FC}"
EndProject
Project("{2150E333-8FDC-42A3-9474-1A3956D46DE8}") = "Adapters", "Adapters", "{6CA40410-5753-4010-AAD8-1E06D76C4601}"
EndProject
Project("{2150E333-8FDC-42A3-9474-1A3956D46DE8}") = "Backend", "Backend", "{37E79B3B-FDE5-446E-9B91-D42B174A97C9}"
EndProject
Project("{2150E333-8FDC-42A3-9474-1A3956D46DE8}") = "Frontend", "Frontend", "{156CA4CF-7690-4597-91B9-1BFDBEE196F0}"
EndProject
Project("{2150E333-8FDC-42A3-9474-1A3956D46DE8}") = "Gitlab", "Gitlab", "{EAD0C789-AB13-4AE9-AA60-6A7E2CF4DA01}"
ProjectSection(SolutionItems) = preProject
	gitlab-ci\Container-Scanning.gitlab-ci.yml = gitlab-ci\Container-Scanning.gitlab-ci.yml
	gitlab-ci\DAST.gitlab-ci.yml = gitlab-ci\DAST.gitlab-ci.yml
	gitlab-ci\Dependency-Scanning.gitlab-ci.yml = gitlab-ci\Dependency-Scanning.gitlab-ci.yml
	gitlab-ci\License-Management.gitlab-ci.yml = gitlab-ci\License-Management.gitlab-ci.yml
	gitlab-ci\Browser-Performance.gitlab-ci.yml = gitlab-ci\Browser-Performance.gitlab-ci.yml
	gitlab-ci\SAST.gitlab-ci.yml = gitlab-ci\SAST.gitlab-ci.yml
	.gitlab-ci.yml = .gitlab-ci.yml
EndProjectSection
EndProject
Project("{2150E333-8FDC-42A3-9474-1A3956D46DE8}") = "DockerCompose", "DockerCompose", "{7112E37D-6184-46D9-898A-3D28207AC8E8}"
ProjectSection(SolutionItems) = preProject
	compose-jaeger+elasticsearch.yml = compose-jaeger+elasticsearch.yml
	build-jaeger+elk.bat = build-jaeger+elk.bat
	build-infra.bat = build-infra.bat
	compose-infra.yml = compose-infra.yml
	build-services.external.bat = build-services.external.bat
	build-services.local.bat = build-services.local.bat
	compose-services.local.yml = compose-services.local.yml
	compose-services.external.yml = compose-services.external.yml
EndProjectSection
EndProject
Project("{2150E333-8FDC-42A3-9474-1A3956D46DE8}") = "Elasticsearch", "Elasticsearch", "{33842299-9FA9-4243-966B-F0537547CE3B}"
ProjectSection(SolutionItems) = preProject
	elk\elasticsearch\config\elasticsearch.yml = elk\elasticsearch\config\elasticsearch.yml
	elk\elasticsearch\Dockerfile = elk\elasticsearch\Dockerfile
EndProjectSection
EndProject
Project("{2150E333-8FDC-42A3-9474-1A3956D46DE8}") = "Docs", "Docs", "{75552B0A-F300-4444-ACEB-04CCD8D1556A}"
ProjectSection(SolutionItems) = preProject
	readme.md = readme.md
EndProjectSection
EndProject
Project("{2150E333-8FDC-42A3-9474-1A3956D46DE8}") = "Tests", "Tests", "{38CD9E63-2F0A-4C6F-A336-7547965AC776}"
EndProject
Project("{FAE04EC0-301F-11D3-BF4B-00C04F79EFBC}") = "U.IdentityService.DomainTests", "src\Services\U.IdentityService\U.IdentityService.DomainTests\U.IdentityService.DomainTests.csproj", "{B3189F1B-9B69-482A-B284-3A9C658BB11C}"
EndProject
Project("{FAE04EC0-301F-11D3-BF4B-00C04F79EFBC}") = "U.IdentityService.ApplicationTests", "src\Services\U.IdentityService\U.IdentityService.ApplicationTests\U.IdentityService.ApplicationTests.csproj", "{75A45DC0-7793-4B46-830E-45D8C4579C00}"
EndProject
Project("{2150E333-8FDC-42A3-9474-1A3956D46DE8}") = "Tests", "Tests", "{590E87D6-515B-4E5E-8141-ABC3967C52D5}"
EndProject
Project("{FAE04EC0-301F-11D3-BF4B-00C04F79EFBC}") = "U.NotificationService.PeriodicSender", "src\Services\U.NotificationService\U.NotificationService.PeriodicSender\U.NotificationService.PeriodicSender.csproj", "{A51A003F-BAAF-402E-B4A7-2573AEAF12B0}"
EndProject
Project("{2150E333-8FDC-42A3-9474-1A3956D46DE8}") = "Images", "Images", "{995C1EDB-FAF8-46A1-95BB-D65E93F02268}"
ProjectSection(SolutionItems) = preProject
	docs\img\adapters-v.0.3-min.png = docs\img\adapters-v.0.3-min.png
	docs\img\bell.gif = docs\img\bell.gif
	docs\img\Consul-min.png = docs\img\Consul-min.png
	docs\img\containers-v.0.2-min.png = docs\img\containers-v.0.2-min.png
	docs\img\containers-v.0.3-min.png = docs\img\containers-v.0.3-min.png
	docs\img\dashboard-calls-min.png = docs\img\dashboard-calls-min.png
	docs\img\Fabio-LB-min.png = docs\img\Fabio-LB-min.png
	docs\img\Portainer-min.png = docs\img\Portainer-min.png
	docs\img\Products-min.png = docs\img\Products-min.png
	docs\img\RabbitMQ-min.PNG = docs\img\RabbitMQ-min.PNG
	docs\img\signalr-min.png = docs\img\signalr-min.png
	docs\img\Subscription-min.png = docs\img\Subscription-min.png
	docs\img\Subscription2-min.png = docs\img\Subscription2-min.png
	docs\img\ubiquitous-current-state-min.png = docs\img\ubiquitous-current-state-min.png
EndProjectSection
EndProject
Project("{FAE04EC0-301F-11D3-BF4B-00C04F79EFBC}") = "U.Common.NetCore", "src\BuildingBlocks\U.Common.NetCore\U.Common.NetCore.csproj", "{4F812F86-754D-4C12-AC92-9955D37969F0}"
EndProject
Project("{2150E333-8FDC-42A3-9474-1A3956D46DE8}") = "Jobs", "Jobs", "{F6684E37-9D8D-4703-AB43-8C2F2BEC4A01}"
EndProject
Project("{FAE04EC0-301F-11D3-BF4B-00C04F79EFBC}") = "U.ProductService.BackgroundService", "src\Services\U.ProductService\U.ProductService.BackgroundService\U.ProductService.BackgroundService.csproj", "{D424A645-A2D3-406E-B963-94C5F7087C7A}"
EndProject
Project("{FAE04EC0-301F-11D3-BF4B-00C04F79EFBC}") = "U.ProductService.DomainTests", "src\Services\U.ProductService\U.ProductService.DomainTests\U.ProductService.DomainTests.csproj", "{14DA04A1-5E15-48DA-82A7-149B2A57AF71}"
EndProject
Project("{FAE04EC0-301F-11D3-BF4B-00C04F79EFBC}") = "U.ProductService.PersistanceTests", "U.ProductService.PersistanceTests\U.ProductService.PersistanceTests.csproj", "{BFB593D0-DC72-4FC5-93F1-B1589098F25D}"
EndProject
Project("{FAE04EC0-301F-11D3-BF4B-00C04F79EFBC}") = "U.ProductService.ApplicationTests", "U.ProductService.ApplicationTests\U.ProductService.ApplicationTests.csproj", "{859FC99F-72A5-4E7D-B2AE-28C0A009E2DF}"
EndProject
Project("{2150E333-8FDC-42A3-9474-1A3956D46DE8}") = "UnitTests", "UnitTests", "{0D7EC67A-3512-4A0B-8329-0E96E0D0A86E}"
EndProject
Global
	GlobalSection(SolutionConfigurationPlatforms) = preSolution
		Debug|Any CPU = Debug|Any CPU
		Release|Any CPU = Release|Any CPU
	EndGlobalSection
	GlobalSection(ProjectConfigurationPlatforms) = postSolution
		{8A7421B8-5294-4830-9C4B-FDB8C8C49DD8}.Debug|Any CPU.ActiveCfg = Debug|Any CPU
		{8A7421B8-5294-4830-9C4B-FDB8C8C49DD8}.Debug|Any CPU.Build.0 = Debug|Any CPU
		{8A7421B8-5294-4830-9C4B-FDB8C8C49DD8}.Release|Any CPU.ActiveCfg = Release|Any CPU
		{8A7421B8-5294-4830-9C4B-FDB8C8C49DD8}.Release|Any CPU.Build.0 = Release|Any CPU
		{F14867ED-37E5-4F19-924A-42766C65D87C}.Debug|Any CPU.ActiveCfg = Debug|Any CPU
		{F14867ED-37E5-4F19-924A-42766C65D87C}.Debug|Any CPU.Build.0 = Debug|Any CPU
		{F14867ED-37E5-4F19-924A-42766C65D87C}.Release|Any CPU.ActiveCfg = Release|Any CPU
		{F14867ED-37E5-4F19-924A-42766C65D87C}.Release|Any CPU.Build.0 = Release|Any CPU
		{C69F02D4-2798-4039-86B8-D4A28488546E}.Debug|Any CPU.ActiveCfg = Debug|Any CPU
		{C69F02D4-2798-4039-86B8-D4A28488546E}.Debug|Any CPU.Build.0 = Debug|Any CPU
		{C69F02D4-2798-4039-86B8-D4A28488546E}.Release|Any CPU.ActiveCfg = Release|Any CPU
		{C69F02D4-2798-4039-86B8-D4A28488546E}.Release|Any CPU.Build.0 = Release|Any CPU
		{13B6AD0E-533B-4C72-99B7-4107F3B0DC97}.Debug|Any CPU.ActiveCfg = Debug|Any CPU
		{13B6AD0E-533B-4C72-99B7-4107F3B0DC97}.Debug|Any CPU.Build.0 = Debug|Any CPU
		{13B6AD0E-533B-4C72-99B7-4107F3B0DC97}.Release|Any CPU.ActiveCfg = Release|Any CPU
		{13B6AD0E-533B-4C72-99B7-4107F3B0DC97}.Release|Any CPU.Build.0 = Release|Any CPU
		{B43A5FA0-F92F-41B7-B602-F033C3E442FF}.Debug|Any CPU.ActiveCfg = Debug|Any CPU
		{B43A5FA0-F92F-41B7-B602-F033C3E442FF}.Debug|Any CPU.Build.0 = Debug|Any CPU
		{B43A5FA0-F92F-41B7-B602-F033C3E442FF}.Release|Any CPU.ActiveCfg = Release|Any CPU
		{B43A5FA0-F92F-41B7-B602-F033C3E442FF}.Release|Any CPU.Build.0 = Release|Any CPU
		{0631559D-B348-47A5-9CB5-AB7E805A4A7D}.Debug|Any CPU.ActiveCfg = Debug|Any CPU
		{0631559D-B348-47A5-9CB5-AB7E805A4A7D}.Debug|Any CPU.Build.0 = Debug|Any CPU
		{0631559D-B348-47A5-9CB5-AB7E805A4A7D}.Release|Any CPU.ActiveCfg = Release|Any CPU
		{0631559D-B348-47A5-9CB5-AB7E805A4A7D}.Release|Any CPU.Build.0 = Release|Any CPU
		{4CE3CE71-D2CA-4C79-A4D6-079F864469FF}.Debug|Any CPU.ActiveCfg = Debug|Any CPU
		{4CE3CE71-D2CA-4C79-A4D6-079F864469FF}.Debug|Any CPU.Build.0 = Debug|Any CPU
		{4CE3CE71-D2CA-4C79-A4D6-079F864469FF}.Release|Any CPU.ActiveCfg = Release|Any CPU
		{4CE3CE71-D2CA-4C79-A4D6-079F864469FF}.Release|Any CPU.Build.0 = Release|Any CPU
		{22DAFAE7-B419-459B-8A0D-8FAAFFE92561}.Debug|Any CPU.ActiveCfg = Debug|Any CPU
		{22DAFAE7-B419-459B-8A0D-8FAAFFE92561}.Debug|Any CPU.Build.0 = Debug|Any CPU
		{22DAFAE7-B419-459B-8A0D-8FAAFFE92561}.Release|Any CPU.ActiveCfg = Release|Any CPU
		{22DAFAE7-B419-459B-8A0D-8FAAFFE92561}.Release|Any CPU.Build.0 = Release|Any CPU
		{DC85C2E0-7301-4999-9A4C-BE86E160FE9A}.Debug|Any CPU.ActiveCfg = Debug|Any CPU
		{DC85C2E0-7301-4999-9A4C-BE86E160FE9A}.Debug|Any CPU.Build.0 = Debug|Any CPU
		{DC85C2E0-7301-4999-9A4C-BE86E160FE9A}.Release|Any CPU.ActiveCfg = Release|Any CPU
		{DC85C2E0-7301-4999-9A4C-BE86E160FE9A}.Release|Any CPU.Build.0 = Release|Any CPU
		{EF9867D9-6D57-47F0-A88C-F6BEF82089BA}.Debug|Any CPU.ActiveCfg = Debug|Any CPU
		{EF9867D9-6D57-47F0-A88C-F6BEF82089BA}.Debug|Any CPU.Build.0 = Debug|Any CPU
		{EF9867D9-6D57-47F0-A88C-F6BEF82089BA}.Release|Any CPU.ActiveCfg = Release|Any CPU
		{EF9867D9-6D57-47F0-A88C-F6BEF82089BA}.Release|Any CPU.Build.0 = Release|Any CPU
		{9A14CE21-D985-486C-B4A6-5C5528419652}.Debug|Any CPU.ActiveCfg = Debug|Any CPU
		{9A14CE21-D985-486C-B4A6-5C5528419652}.Debug|Any CPU.Build.0 = Debug|Any CPU
		{9A14CE21-D985-486C-B4A6-5C5528419652}.Release|Any CPU.ActiveCfg = Release|Any CPU
		{9A14CE21-D985-486C-B4A6-5C5528419652}.Release|Any CPU.Build.0 = Release|Any CPU
		{610959EC-7BCC-4726-8B72-A677929DA09B}.Debug|Any CPU.ActiveCfg = Debug|Any CPU
		{610959EC-7BCC-4726-8B72-A677929DA09B}.Debug|Any CPU.Build.0 = Debug|Any CPU
		{610959EC-7BCC-4726-8B72-A677929DA09B}.Release|Any CPU.ActiveCfg = Release|Any CPU
		{610959EC-7BCC-4726-8B72-A677929DA09B}.Release|Any CPU.Build.0 = Release|Any CPU
		{5034E5F2-6AD5-4D39-895D-CF62FBB97C8A}.Debug|Any CPU.ActiveCfg = Debug|Any CPU
		{5034E5F2-6AD5-4D39-895D-CF62FBB97C8A}.Debug|Any CPU.Build.0 = Debug|Any CPU
		{5034E5F2-6AD5-4D39-895D-CF62FBB97C8A}.Release|Any CPU.ActiveCfg = Release|Any CPU
		{5034E5F2-6AD5-4D39-895D-CF62FBB97C8A}.Release|Any CPU.Build.0 = Release|Any CPU
		{50F973C1-F7D9-438F-BA45-9C1BB84B8346}.Debug|Any CPU.ActiveCfg = Debug|Any CPU
		{50F973C1-F7D9-438F-BA45-9C1BB84B8346}.Debug|Any CPU.Build.0 = Debug|Any CPU
		{50F973C1-F7D9-438F-BA45-9C1BB84B8346}.Release|Any CPU.ActiveCfg = Release|Any CPU
		{50F973C1-F7D9-438F-BA45-9C1BB84B8346}.Release|Any CPU.Build.0 = Release|Any CPU
		{4A1E232F-0F95-476E-A8C9-8587E307A5FD}.Debug|Any CPU.ActiveCfg = Debug|Any CPU
		{4A1E232F-0F95-476E-A8C9-8587E307A5FD}.Debug|Any CPU.Build.0 = Debug|Any CPU
		{4A1E232F-0F95-476E-A8C9-8587E307A5FD}.Release|Any CPU.ActiveCfg = Release|Any CPU
		{4A1E232F-0F95-476E-A8C9-8587E307A5FD}.Release|Any CPU.Build.0 = Release|Any CPU
		{16CE2424-2614-482C-89D3-F4212DD59A97}.Debug|Any CPU.ActiveCfg = Debug|Any CPU
		{16CE2424-2614-482C-89D3-F4212DD59A97}.Debug|Any CPU.Build.0 = Debug|Any CPU
		{16CE2424-2614-482C-89D3-F4212DD59A97}.Release|Any CPU.ActiveCfg = Release|Any CPU
		{16CE2424-2614-482C-89D3-F4212DD59A97}.Release|Any CPU.Build.0 = Release|Any CPU
		{15D78CF9-F6DB-465C-AEFE-D94E056ADE4A}.Debug|Any CPU.ActiveCfg = Debug|Any CPU
		{15D78CF9-F6DB-465C-AEFE-D94E056ADE4A}.Debug|Any CPU.Build.0 = Debug|Any CPU
		{15D78CF9-F6DB-465C-AEFE-D94E056ADE4A}.Release|Any CPU.ActiveCfg = Release|Any CPU
		{15D78CF9-F6DB-465C-AEFE-D94E056ADE4A}.Release|Any CPU.Build.0 = Release|Any CPU
		{974BAABC-4287-4774-A16C-4BC2D416FC89}.Debug|Any CPU.ActiveCfg = Debug|Any CPU
		{974BAABC-4287-4774-A16C-4BC2D416FC89}.Debug|Any CPU.Build.0 = Debug|Any CPU
		{974BAABC-4287-4774-A16C-4BC2D416FC89}.Release|Any CPU.ActiveCfg = Release|Any CPU
		{974BAABC-4287-4774-A16C-4BC2D416FC89}.Release|Any CPU.Build.0 = Release|Any CPU
		{5FFE5D8A-F3C4-4A8C-953B-334205210102}.Debug|Any CPU.ActiveCfg = Debug|Any CPU
		{5FFE5D8A-F3C4-4A8C-953B-334205210102}.Debug|Any CPU.Build.0 = Debug|Any CPU
		{5FFE5D8A-F3C4-4A8C-953B-334205210102}.Release|Any CPU.ActiveCfg = Release|Any CPU
		{5FFE5D8A-F3C4-4A8C-953B-334205210102}.Release|Any CPU.Build.0 = Release|Any CPU
		{D32B4294-FEB4-4352-BCF9-57859F15BE0E}.Debug|Any CPU.ActiveCfg = Debug|Any CPU
		{D32B4294-FEB4-4352-BCF9-57859F15BE0E}.Debug|Any CPU.Build.0 = Debug|Any CPU
		{D32B4294-FEB4-4352-BCF9-57859F15BE0E}.Release|Any CPU.ActiveCfg = Release|Any CPU
		{D32B4294-FEB4-4352-BCF9-57859F15BE0E}.Release|Any CPU.Build.0 = Release|Any CPU
		{6FBB0868-1FC9-4A2F-A4EB-CA4D3FAAA99A}.Debug|Any CPU.ActiveCfg = Debug|Any CPU
		{6FBB0868-1FC9-4A2F-A4EB-CA4D3FAAA99A}.Debug|Any CPU.Build.0 = Debug|Any CPU
		{6FBB0868-1FC9-4A2F-A4EB-CA4D3FAAA99A}.Release|Any CPU.ActiveCfg = Release|Any CPU
		{6FBB0868-1FC9-4A2F-A4EB-CA4D3FAAA99A}.Release|Any CPU.Build.0 = Release|Any CPU
		{834C1AA7-44F0-40D5-A2BB-2A9C5C19AB6D}.Debug|Any CPU.ActiveCfg = Debug|Any CPU
		{834C1AA7-44F0-40D5-A2BB-2A9C5C19AB6D}.Debug|Any CPU.Build.0 = Debug|Any CPU
		{834C1AA7-44F0-40D5-A2BB-2A9C5C19AB6D}.Release|Any CPU.ActiveCfg = Release|Any CPU
		{834C1AA7-44F0-40D5-A2BB-2A9C5C19AB6D}.Release|Any CPU.Build.0 = Release|Any CPU
		{59862F91-ED0D-4048-BF57-18BED02C964F}.Debug|Any CPU.ActiveCfg = Debug|Any CPU
		{59862F91-ED0D-4048-BF57-18BED02C964F}.Debug|Any CPU.Build.0 = Debug|Any CPU
		{59862F91-ED0D-4048-BF57-18BED02C964F}.Release|Any CPU.ActiveCfg = Release|Any CPU
		{59862F91-ED0D-4048-BF57-18BED02C964F}.Release|Any CPU.Build.0 = Release|Any CPU
		{FD034EE6-656C-4D3B-B795-13E02127F5D3}.Debug|Any CPU.ActiveCfg = Debug|Any CPU
		{FD034EE6-656C-4D3B-B795-13E02127F5D3}.Debug|Any CPU.Build.0 = Debug|Any CPU
		{FD034EE6-656C-4D3B-B795-13E02127F5D3}.Release|Any CPU.ActiveCfg = Release|Any CPU
		{FD034EE6-656C-4D3B-B795-13E02127F5D3}.Release|Any CPU.Build.0 = Release|Any CPU
		{3764066D-BAC6-4493-9DF3-5AFB6DCFE07A}.Debug|Any CPU.ActiveCfg = Debug|Any CPU
		{3764066D-BAC6-4493-9DF3-5AFB6DCFE07A}.Debug|Any CPU.Build.0 = Debug|Any CPU
		{3764066D-BAC6-4493-9DF3-5AFB6DCFE07A}.Release|Any CPU.ActiveCfg = Release|Any CPU
		{3764066D-BAC6-4493-9DF3-5AFB6DCFE07A}.Release|Any CPU.Build.0 = Release|Any CPU
		{ED2B1BC6-37F1-44F6-8DC7-888CAC2D4431}.Debug|Any CPU.ActiveCfg = Debug|Any CPU
		{ED2B1BC6-37F1-44F6-8DC7-888CAC2D4431}.Debug|Any CPU.Build.0 = Debug|Any CPU
		{ED2B1BC6-37F1-44F6-8DC7-888CAC2D4431}.Release|Any CPU.ActiveCfg = Release|Any CPU
		{ED2B1BC6-37F1-44F6-8DC7-888CAC2D4431}.Release|Any CPU.Build.0 = Release|Any CPU
		{EBD54CAC-2F80-4320-9774-8AAE7995B5FA}.Debug|Any CPU.ActiveCfg = Debug|Any CPU
		{EBD54CAC-2F80-4320-9774-8AAE7995B5FA}.Debug|Any CPU.Build.0 = Debug|Any CPU
		{EBD54CAC-2F80-4320-9774-8AAE7995B5FA}.Release|Any CPU.ActiveCfg = Release|Any CPU
		{EBD54CAC-2F80-4320-9774-8AAE7995B5FA}.Release|Any CPU.Build.0 = Release|Any CPU
		{8C530FB6-D2E7-470A-98EF-CAF3BE962AE5}.Debug|Any CPU.ActiveCfg = Debug|Any CPU
		{8C530FB6-D2E7-470A-98EF-CAF3BE962AE5}.Debug|Any CPU.Build.0 = Debug|Any CPU
		{8C530FB6-D2E7-470A-98EF-CAF3BE962AE5}.Release|Any CPU.ActiveCfg = Release|Any CPU
		{8C530FB6-D2E7-470A-98EF-CAF3BE962AE5}.Release|Any CPU.Build.0 = Release|Any CPU
		{CE8191E1-9C55-40C4-9823-D3F385590F27}.Debug|Any CPU.ActiveCfg = Debug|Any CPU
		{CE8191E1-9C55-40C4-9823-D3F385590F27}.Debug|Any CPU.Build.0 = Debug|Any CPU
		{CE8191E1-9C55-40C4-9823-D3F385590F27}.Release|Any CPU.ActiveCfg = Release|Any CPU
		{CE8191E1-9C55-40C4-9823-D3F385590F27}.Release|Any CPU.Build.0 = Release|Any CPU
		{B3189F1B-9B69-482A-B284-3A9C658BB11C}.Debug|Any CPU.ActiveCfg = Debug|Any CPU
		{B3189F1B-9B69-482A-B284-3A9C658BB11C}.Debug|Any CPU.Build.0 = Debug|Any CPU
		{B3189F1B-9B69-482A-B284-3A9C658BB11C}.Release|Any CPU.ActiveCfg = Release|Any CPU
		{B3189F1B-9B69-482A-B284-3A9C658BB11C}.Release|Any CPU.Build.0 = Release|Any CPU
		{75A45DC0-7793-4B46-830E-45D8C4579C00}.Debug|Any CPU.ActiveCfg = Debug|Any CPU
		{75A45DC0-7793-4B46-830E-45D8C4579C00}.Debug|Any CPU.Build.0 = Debug|Any CPU
		{75A45DC0-7793-4B46-830E-45D8C4579C00}.Release|Any CPU.ActiveCfg = Release|Any CPU
		{75A45DC0-7793-4B46-830E-45D8C4579C00}.Release|Any CPU.Build.0 = Release|Any CPU
		{A51A003F-BAAF-402E-B4A7-2573AEAF12B0}.Debug|Any CPU.ActiveCfg = Debug|Any CPU
		{A51A003F-BAAF-402E-B4A7-2573AEAF12B0}.Debug|Any CPU.Build.0 = Debug|Any CPU
		{A51A003F-BAAF-402E-B4A7-2573AEAF12B0}.Release|Any CPU.ActiveCfg = Release|Any CPU
		{A51A003F-BAAF-402E-B4A7-2573AEAF12B0}.Release|Any CPU.Build.0 = Release|Any CPU
		{4F812F86-754D-4C12-AC92-9955D37969F0}.Debug|Any CPU.ActiveCfg = Debug|Any CPU
		{4F812F86-754D-4C12-AC92-9955D37969F0}.Debug|Any CPU.Build.0 = Debug|Any CPU
		{4F812F86-754D-4C12-AC92-9955D37969F0}.Release|Any CPU.ActiveCfg = Release|Any CPU
		{4F812F86-754D-4C12-AC92-9955D37969F0}.Release|Any CPU.Build.0 = Release|Any CPU
		{D424A645-A2D3-406E-B963-94C5F7087C7A}.Debug|Any CPU.ActiveCfg = Debug|Any CPU
		{D424A645-A2D3-406E-B963-94C5F7087C7A}.Debug|Any CPU.Build.0 = Debug|Any CPU
		{D424A645-A2D3-406E-B963-94C5F7087C7A}.Release|Any CPU.ActiveCfg = Release|Any CPU
		{D424A645-A2D3-406E-B963-94C5F7087C7A}.Release|Any CPU.Build.0 = Release|Any CPU
		{14DA04A1-5E15-48DA-82A7-149B2A57AF71}.Debug|Any CPU.ActiveCfg = Debug|Any CPU
		{14DA04A1-5E15-48DA-82A7-149B2A57AF71}.Debug|Any CPU.Build.0 = Debug|Any CPU
		{14DA04A1-5E15-48DA-82A7-149B2A57AF71}.Release|Any CPU.ActiveCfg = Release|Any CPU
		{14DA04A1-5E15-48DA-82A7-149B2A57AF71}.Release|Any CPU.Build.0 = Release|Any CPU
		{BFB593D0-DC72-4FC5-93F1-B1589098F25D}.Debug|Any CPU.ActiveCfg = Debug|Any CPU
		{BFB593D0-DC72-4FC5-93F1-B1589098F25D}.Debug|Any CPU.Build.0 = Debug|Any CPU
		{BFB593D0-DC72-4FC5-93F1-B1589098F25D}.Release|Any CPU.ActiveCfg = Release|Any CPU
		{BFB593D0-DC72-4FC5-93F1-B1589098F25D}.Release|Any CPU.Build.0 = Release|Any CPU
		{859FC99F-72A5-4E7D-B2AE-28C0A009E2DF}.Debug|Any CPU.ActiveCfg = Debug|Any CPU
		{859FC99F-72A5-4E7D-B2AE-28C0A009E2DF}.Debug|Any CPU.Build.0 = Debug|Any CPU
		{859FC99F-72A5-4E7D-B2AE-28C0A009E2DF}.Release|Any CPU.ActiveCfg = Release|Any CPU
		{859FC99F-72A5-4E7D-B2AE-28C0A009E2DF}.Release|Any CPU.Build.0 = Release|Any CPU
	EndGlobalSection
	GlobalSection(NestedProjects) = preSolution
		{F14867ED-37E5-4F19-924A-42766C65D87C} = {F6FEBE1F-9974-4282-8497-97CB808E65CB}
		{C69F02D4-2798-4039-86B8-D4A28488546E} = {F6FEBE1F-9974-4282-8497-97CB808E65CB}
		{13B6AD0E-533B-4C72-99B7-4107F3B0DC97} = {F6FEBE1F-9974-4282-8497-97CB808E65CB}
		{B43A5FA0-F92F-41B7-B602-F033C3E442FF} = {F6FEBE1F-9974-4282-8497-97CB808E65CB}
		{0631559D-B348-47A5-9CB5-AB7E805A4A7D} = {AD753C1A-0D4C-4BC5-8793-FF2795F0F49E}
		{4CE3CE71-D2CA-4C79-A4D6-079F864469FF} = {51D661E6-65C4-4D1F-977B-1B9281DEAE87}
		{22DAFAE7-B419-459B-8A0D-8FAAFFE92561} = {51D661E6-65C4-4D1F-977B-1B9281DEAE87}
		{DC85C2E0-7301-4999-9A4C-BE86E160FE9A} = {51D661E6-65C4-4D1F-977B-1B9281DEAE87}
		{EF9867D9-6D57-47F0-A88C-F6BEF82089BA} = {51D661E6-65C4-4D1F-977B-1B9281DEAE87}
		{9A14CE21-D985-486C-B4A6-5C5528419652} = {AD753C1A-0D4C-4BC5-8793-FF2795F0F49E}
		{610959EC-7BCC-4726-8B72-A677929DA09B} = {AD753C1A-0D4C-4BC5-8793-FF2795F0F49E}
		{5034E5F2-6AD5-4D39-895D-CF62FBB97C8A} = {AD753C1A-0D4C-4BC5-8793-FF2795F0F49E}
		{50F973C1-F7D9-438F-BA45-9C1BB84B8346} = {20AE96FC-F1A7-4CA8-90F8-FEB6EBB6D11A}
		{974BAABC-4287-4774-A16C-4BC2D416FC89} = {31C78702-0DC3-4A05-AB00-B00FE55776F0}
		{5FFE5D8A-F3C4-4A8C-953B-334205210102} = {31C78702-0DC3-4A05-AB00-B00FE55776F0}
		{D32B4294-FEB4-4352-BCF9-57859F15BE0E} = {31C78702-0DC3-4A05-AB00-B00FE55776F0}
		{6FBB0868-1FC9-4A2F-A4EB-CA4D3FAAA99A} = {31C78702-0DC3-4A05-AB00-B00FE55776F0}
		{834C1AA7-44F0-40D5-A2BB-2A9C5C19AB6D} = {82713F4A-A573-4003-BD20-53C974839094}
		{59862F91-ED0D-4048-BF57-18BED02C964F} = {20AE96FC-F1A7-4CA8-90F8-FEB6EBB6D11A}
		{FD034EE6-656C-4D3B-B795-13E02127F5D3} = {20AE96FC-F1A7-4CA8-90F8-FEB6EBB6D11A}
		{3764066D-BAC6-4493-9DF3-5AFB6DCFE07A} = {20AE96FC-F1A7-4CA8-90F8-FEB6EBB6D11A}
		{ED2B1BC6-37F1-44F6-8DC7-888CAC2D4431} = {D240C299-E049-47BF-8BAC-20E1DB6295B6}
		{EBD54CAC-2F80-4320-9774-8AAE7995B5FA} = {D240C299-E049-47BF-8BAC-20E1DB6295B6}
		{8C530FB6-D2E7-470A-98EF-CAF3BE962AE5} = {D240C299-E049-47BF-8BAC-20E1DB6295B6}
		{CE8191E1-9C55-40C4-9823-D3F385590F27} = {D240C299-E049-47BF-8BAC-20E1DB6295B6}
		{D240C299-E049-47BF-8BAC-20E1DB6295B6} = {E8B7F3DE-8A42-4AA2-8F05-0EE4FF2C26FC}
		{51D661E6-65C4-4D1F-977B-1B9281DEAE87} = {E8B7F3DE-8A42-4AA2-8F05-0EE4FF2C26FC}
		{20AE96FC-F1A7-4CA8-90F8-FEB6EBB6D11A} = {E8B7F3DE-8A42-4AA2-8F05-0EE4FF2C26FC}
		{31C78702-0DC3-4A05-AB00-B00FE55776F0} = {E8B7F3DE-8A42-4AA2-8F05-0EE4FF2C26FC}
		{F6FEBE1F-9974-4282-8497-97CB808E65CB} = {6CA40410-5753-4010-AAD8-1E06D76C4601}
		{AD753C1A-0D4C-4BC5-8793-FF2795F0F49E} = {37E79B3B-FDE5-446E-9B91-D42B174A97C9}
		{82713F4A-A573-4003-BD20-53C974839094} = {37E79B3B-FDE5-446E-9B91-D42B174A97C9}
		{6CA40410-5753-4010-AAD8-1E06D76C4601} = {37E79B3B-FDE5-446E-9B91-D42B174A97C9}
		{E8B7F3DE-8A42-4AA2-8F05-0EE4FF2C26FC} = {37E79B3B-FDE5-446E-9B91-D42B174A97C9}
		{EAD0C789-AB13-4AE9-AA60-6A7E2CF4DA01} = {8EE0DD79-8255-4E04-84A7-830B8947E7C5}
		{7112E37D-6184-46D9-898A-3D28207AC8E8} = {8EE0DD79-8255-4E04-84A7-830B8947E7C5}
		{33842299-9FA9-4243-966B-F0537547CE3B} = {8EE0DD79-8255-4E04-84A7-830B8947E7C5}
		{75552B0A-F300-4444-ACEB-04CCD8D1556A} = {8EE0DD79-8255-4E04-84A7-830B8947E7C5}
		{38CD9E63-2F0A-4C6F-A336-7547965AC776} = {31C78702-0DC3-4A05-AB00-B00FE55776F0}
		{B3189F1B-9B69-482A-B284-3A9C658BB11C} = {38CD9E63-2F0A-4C6F-A336-7547965AC776}
		{75A45DC0-7793-4B46-830E-45D8C4579C00} = {38CD9E63-2F0A-4C6F-A336-7547965AC776}
		{590E87D6-515B-4E5E-8141-ABC3967C52D5} = {51D661E6-65C4-4D1F-977B-1B9281DEAE87}
		{4A1E232F-0F95-476E-A8C9-8587E307A5FD} = {590E87D6-515B-4E5E-8141-ABC3967C52D5}
		{A51A003F-BAAF-402E-B4A7-2573AEAF12B0} = {20AE96FC-F1A7-4CA8-90F8-FEB6EBB6D11A}
		{16CE2424-2614-482C-89D3-F4212DD59A97} = {156CA4CF-7690-4597-91B9-1BFDBEE196F0}
		{995C1EDB-FAF8-46A1-95BB-D65E93F02268} = {75552B0A-F300-4444-ACEB-04CCD8D1556A}
		{4F812F86-754D-4C12-AC92-9955D37969F0} = {AD753C1A-0D4C-4BC5-8793-FF2795F0F49E}
		{F6684E37-9D8D-4703-AB43-8C2F2BEC4A01} = {37E79B3B-FDE5-446E-9B91-D42B174A97C9}
		{15D78CF9-F6DB-465C-AEFE-D94E056ADE4A} = {F6684E37-9D8D-4703-AB43-8C2F2BEC4A01}
		{8A7421B8-5294-4830-9C4B-FDB8C8C49DD8} = {F6684E37-9D8D-4703-AB43-8C2F2BEC4A01}
		{D424A645-A2D3-406E-B963-94C5F7087C7A} = {51D661E6-65C4-4D1F-977B-1B9281DEAE87}
		{0D7EC67A-3512-4A0B-8329-0E96E0D0A86E} = {590E87D6-515B-4E5E-8141-ABC3967C52D5}
		{859FC99F-72A5-4E7D-B2AE-28C0A009E2DF} = {0D7EC67A-3512-4A0B-8329-0E96E0D0A86E}
		{14DA04A1-5E15-48DA-82A7-149B2A57AF71} = {0D7EC67A-3512-4A0B-8329-0E96E0D0A86E}
		{BFB593D0-DC72-4FC5-93F1-B1589098F25D} = {0D7EC67A-3512-4A0B-8329-0E96E0D0A86E}
	EndGlobalSection
EndGlobal
